
Microsoft Visual Studio Solution File, Format Version 12.00
# Visual Studio Version 16
VisualStudioVersion = 16.0.31409.214
MinimumVisualStudioVersion = 10.0.40219.1
Project("{FAE04EC0-301F-11D3-BF4B-00C04F79EFBC}") = "week9_Lab2", "week9_Lab2\week9_Lab2.csproj", "{5526F130-45AC-4FA4-A88B-8A31BEF83E0F}"
EndProject
Project("{2150E333-8FDC-42A3-9474-1A3956D46DE8}") = "Solution Items", "Solution Items", "{4ED2AA8B-4038-4A1F-94D5-1F447CF84099}"
	ProjectSection(SolutionItems) = preProject
		.gitignore = .gitignore
	EndProjectSection
EndProject
Global
	GlobalSection(SolutionConfigurationPlatforms) = preSolution
		Debug|Any CPU = Debug|Any CPU
		Release|Any CPU = Release|Any CPU
	EndGlobalSection
	GlobalSection(ProjectConfigurationPlatforms) = postSolution
		{5526F130-45AC-4FA4-A88B-8A31BEF83E0F}.Debug|Any CPU.ActiveCfg = Debug|Any CPU
		{5526F130-45AC-4FA4-A88B-8A31BEF83E0F}.Debug|Any CPU.Build.0 = Debug|Any CPU
		{5526F130-45AC-4FA4-A88B-8A31BEF83E0F}.Release|Any CPU.ActiveCfg = Release|Any CPU
		{5526F130-45AC-4FA4-A88B-8A31BEF83E0F}.Release|Any CPU.Build.0 = Release|Any CPU
	EndGlobalSection
	GlobalSection(SolutionProperties) = preSolution
		HideSolutionNode = FALSE
	EndGlobalSection
	GlobalSection(ExtensibilityGlobals) = postSolution
		SolutionGuid = {5ECAAE0E-FAC6-446D-ADB2-D212E6FB9F8C}
	EndGlobalSection
EndGlobal
